
Microsoft Visual Studio Solution File, Format Version 12.00
# Visual Studio 15
Project("{FAE04EC0-301F-11D3-BF4B-00C04F79EFBC}") = "Block Breaker Total", "Assembly-CSharp.csproj", "{EBF3BC43-B28C-7354-24B0-BD2E1918771C}"
EndProject
Global
	GlobalSection(SolutionConfigurationPlatforms) = preSolution
		Debug|Any CPU = Debug|Any CPU
		Release|Any CPU = Release|Any CPU
	EndGlobalSection
	GlobalSection(ProjectConfigurationPlatforms) = postSolution
		{EBF3BC43-B28C-7354-24B0-BD2E1918771C}.Debug|Any CPU.ActiveCfg = Debug|Any CPU
		{EBF3BC43-B28C-7354-24B0-BD2E1918771C}.Debug|Any CPU.Build.0 = Debug|Any CPU
		{EBF3BC43-B28C-7354-24B0-BD2E1918771C}.Release|Any CPU.ActiveCfg = Release|Any CPU
		{EBF3BC43-B28C-7354-24B0-BD2E1918771C}.Release|Any CPU.Build.0 = Release|Any CPU
	EndGlobalSection
	GlobalSection(SolutionProperties) = preSolution
		HideSolutionNode = FALSE
	EndGlobalSection
EndGlobal
