
Microsoft Visual Studio Solution File, Format Version 12.00
# Visual Studio 15
Project("{FAE04EC0-301F-11D3-BF4B-00C04F79EFBC}") = "Block_Breaker_Total", "Assembly-CSharp.csproj", "{404C331C-104B-592D-199A-799FB07B18FC}"
EndProject
Global
	GlobalSection(SolutionConfigurationPlatforms) = preSolution
		Debug|Any CPU = Debug|Any CPU
		Release|Any CPU = Release|Any CPU
	EndGlobalSection
	GlobalSection(ProjectConfigurationPlatforms) = postSolution
		{404C331C-104B-592D-199A-799FB07B18FC}.Debug|Any CPU.ActiveCfg = Debug|Any CPU
		{404C331C-104B-592D-199A-799FB07B18FC}.Debug|Any CPU.Build.0 = Debug|Any CPU
		{404C331C-104B-592D-199A-799FB07B18FC}.Release|Any CPU.ActiveCfg = Release|Any CPU
		{404C331C-104B-592D-199A-799FB07B18FC}.Release|Any CPU.Build.0 = Release|Any CPU
	EndGlobalSection
	GlobalSection(SolutionProperties) = preSolution
		HideSolutionNode = FALSE
	EndGlobalSection
EndGlobal
